
Microsoft Visual Studio Solution File, Format Version 12.00
# Visual Studio Version 16
VisualStudioVersion = 16.0.29806.167
MinimumVisualStudioVersion = 10.0.40219.1
Project("{FAE04EC0-301F-11D3-BF4B-00C04F79EFBC}") = "SMDAsh", "SMDAsh\SMDAsh.csproj", "{691B0DEE-8CDE-4405-8DC7-6AFD94C818C9}"
EndProject
Global
	GlobalSection(SolutionConfigurationPlatforms) = preSolution
		Debug|Any CPU = Debug|Any CPU
		Release|Any CPU = Release|Any CPU
	EndGlobalSection
	GlobalSection(ProjectConfigurationPlatforms) = postSolution
		{691B0DEE-8CDE-4405-8DC7-6AFD94C818C9}.Debug|Any CPU.ActiveCfg = Debug|Any CPU
		{691B0DEE-8CDE-4405-8DC7-6AFD94C818C9}.Debug|Any CPU.Build.0 = Debug|Any CPU
		{691B0DEE-8CDE-4405-8DC7-6AFD94C818C9}.Release|Any CPU.ActiveCfg = Release|Any CPU
		{691B0DEE-8CDE-4405-8DC7-6AFD94C818C9}.Release|Any CPU.Build.0 = Release|Any CPU
	EndGlobalSection
	GlobalSection(SolutionProperties) = preSolution
		HideSolutionNode = FALSE
	EndGlobalSection
	GlobalSection(ExtensibilityGlobals) = postSolution
		SolutionGuid = {985609BB-8FFF-446C-8AEC-A893C5C44919}
	EndGlobalSection
EndGlobal
